
Microsoft Visual Studio Solution File, Format Version 12.00
# Visual Studio Version 17
VisualStudioVersion = 17.14.36429.23
MinimumVisualStudioVersion = 10.0.40219.1
Project("{FAE04EC0-301F-11D3-BF4B-00C04F79EFBC}") = "POC_Console", "POC_Console\POC_Console.csproj", "{68AD2303-4A79-409E-8A9F-A8EE03322C18}"
EndProject
Project("{2150E333-8FDC-42A3-9474-1A3956D46DE8}") = "Templates", "Templates", "{02EA681E-C7D8-13C7-8484-4AC65E1B71E8}"
	ProjectSection(SolutionItems) = preProject
		Templates\Template_DataSource.xlsx = Templates\Template_DataSource.xlsx
		Templates\Template_PowerPoint.pptx = Templates\Template_PowerPoint.pptx
	EndProjectSection
EndProject
Global
	GlobalSection(SolutionConfigurationPlatforms) = preSolution
		Debug|Any CPU = Debug|Any CPU
		Release|Any CPU = Release|Any CPU
	EndGlobalSection
	GlobalSection(ProjectConfigurationPlatforms) = postSolution
		{68AD2303-4A79-409E-8A9F-A8EE03322C18}.Debug|Any CPU.ActiveCfg = Debug|Any CPU
		{68AD2303-4A79-409E-8A9F-A8EE03322C18}.Debug|Any CPU.Build.0 = Debug|Any CPU
		{68AD2303-4A79-409E-8A9F-A8EE03322C18}.Release|Any CPU.ActiveCfg = Release|Any CPU
		{68AD2303-4A79-409E-8A9F-A8EE03322C18}.Release|Any CPU.Build.0 = Release|Any CPU
	EndGlobalSection
	GlobalSection(SolutionProperties) = preSolution
		HideSolutionNode = FALSE
	EndGlobalSection
	GlobalSection(ExtensibilityGlobals) = postSolution
		SolutionGuid = {64394EEA-5DED-4808-B3E5-99C81EF8AF25}
	EndGlobalSection
EndGlobal
