
Microsoft Visual Studio Solution File, Format Version 12.00
# Visual Studio Version 17
VisualStudioVersion = 17.5.33627.172
MinimumVisualStudioVersion = 10.0.40219.1
Project("{2150E333-8FDC-42A3-9474-1A3956D46DE8}") = "Tests", "Tests", "{C755190C-5170-40E3-B0FA-3E8DFD527CFB}"
EndProject
Project("{FAE04EC0-301F-11D3-BF4B-00C04F79EFBC}") = "EPPlusExtensions", "EPPlusExtensions\EPPlusExtensions.csproj", "{B2E0FAD0-F0A8-41F5-8F27-5D649AF947FB}"
EndProject
Project("{FAE04EC0-301F-11D3-BF4B-00C04F79EFBC}") = "EPPlusExtensions.Tests", "EPPlusExtensions.Tests\EPPlusExtensions.Tests.csproj", "{01F3DF64-F7B8-4072-B42C-71960AD73539}"
EndProject
Project("{2150E333-8FDC-42A3-9474-1A3956D46DE8}") = "Certificato", "Certificato", "{DE77EB39-EEA7-4532-A82F-8ABFB5D442A4}"
	ProjectSection(SolutionItems) = preProject
		Certificato\Password.txt = Certificato\Password.txt
		Certificato\PptGenerator.pfx = Certificato\PptGenerator.pfx
	EndProjectSection
EndProject
Project("{FAE04EC0-301F-11D3-BF4B-00C04F79EFBC}") = "BetterFolderBrowser", "BetterFolderBrowser\BetterFolderBrowser.csproj", "{5711425B-04D4-446E-B7A1-7E6A119B75FE}"
EndProject
Project("{FAE04EC0-301F-11D3-BF4B-00C04F79EFBC}") = "FilesEditor", "FilesEditor\FilesEditor.csproj", "{F85777CC-75DE-4B11-9C69-EFD39243E1B9}"
EndProject
Project("{FAE04EC0-301F-11D3-BF4B-00C04F79EFBC}") = "PptGeneratorGUI", "PptGeneratorGUI\PptGeneratorGUI.csproj", "{8ECC3EA0-CA4B-4615-AE9B-3C3CAAC610CE}"
EndProject
Project("{FAE04EC0-301F-11D3-BF4B-00C04F79EFBC}") = "FilesEditor.Tests", "FilesEditor.Tests\FilesEditor.Tests.csproj", "{6B502AFA-9579-4089-9566-B0085D5902D0}"
EndProject
Global
	GlobalSection(SolutionConfigurationPlatforms) = preSolution
		Debug|Any CPU = Debug|Any CPU
		Release|Any CPU = Release|Any CPU
	EndGlobalSection
	GlobalSection(ProjectConfigurationPlatforms) = postSolution
		{B2E0FAD0-F0A8-41F5-8F27-5D649AF947FB}.Debug|Any CPU.ActiveCfg = Debug|Any CPU
		{B2E0FAD0-F0A8-41F5-8F27-5D649AF947FB}.Debug|Any CPU.Build.0 = Debug|Any CPU
		{B2E0FAD0-F0A8-41F5-8F27-5D649AF947FB}.Release|Any CPU.ActiveCfg = Release|Any CPU
		{B2E0FAD0-F0A8-41F5-8F27-5D649AF947FB}.Release|Any CPU.Build.0 = Release|Any CPU
		{01F3DF64-F7B8-4072-B42C-71960AD73539}.Debug|Any CPU.ActiveCfg = Debug|Any CPU
		{01F3DF64-F7B8-4072-B42C-71960AD73539}.Debug|Any CPU.Build.0 = Debug|Any CPU
		{01F3DF64-F7B8-4072-B42C-71960AD73539}.Release|Any CPU.ActiveCfg = Release|Any CPU
		{01F3DF64-F7B8-4072-B42C-71960AD73539}.Release|Any CPU.Build.0 = Release|Any CPU
		{5711425B-04D4-446E-B7A1-7E6A119B75FE}.Debug|Any CPU.ActiveCfg = Debug|Any CPU
		{5711425B-04D4-446E-B7A1-7E6A119B75FE}.Debug|Any CPU.Build.0 = Debug|Any CPU
		{5711425B-04D4-446E-B7A1-7E6A119B75FE}.Release|Any CPU.ActiveCfg = Release|Any CPU
		{5711425B-04D4-446E-B7A1-7E6A119B75FE}.Release|Any CPU.Build.0 = Release|Any CPU
		{F85777CC-75DE-4B11-9C69-EFD39243E1B9}.Debug|Any CPU.ActiveCfg = Debug|Any CPU
		{F85777CC-75DE-4B11-9C69-EFD39243E1B9}.Debug|Any CPU.Build.0 = Debug|Any CPU
		{F85777CC-75DE-4B11-9C69-EFD39243E1B9}.Release|Any CPU.ActiveCfg = Release|Any CPU
		{F85777CC-75DE-4B11-9C69-EFD39243E1B9}.Release|Any CPU.Build.0 = Release|Any CPU
		{8ECC3EA0-CA4B-4615-AE9B-3C3CAAC610CE}.Debug|Any CPU.ActiveCfg = Debug|Any CPU
		{8ECC3EA0-CA4B-4615-AE9B-3C3CAAC610CE}.Debug|Any CPU.Build.0 = Debug|Any CPU
		{8ECC3EA0-CA4B-4615-AE9B-3C3CAAC610CE}.Release|Any CPU.ActiveCfg = Release|Any CPU
		{8ECC3EA0-CA4B-4615-AE9B-3C3CAAC610CE}.Release|Any CPU.Build.0 = Release|Any CPU
		{6B502AFA-9579-4089-9566-B0085D5902D0}.Debug|Any CPU.ActiveCfg = Debug|Any CPU
		{6B502AFA-9579-4089-9566-B0085D5902D0}.Debug|Any CPU.Build.0 = Debug|Any CPU
		{6B502AFA-9579-4089-9566-B0085D5902D0}.Release|Any CPU.ActiveCfg = Release|Any CPU
		{6B502AFA-9579-4089-9566-B0085D5902D0}.Release|Any CPU.Build.0 = Release|Any CPU
	EndGlobalSection
	GlobalSection(SolutionProperties) = preSolution
		HideSolutionNode = FALSE
	EndGlobalSection
	GlobalSection(NestedProjects) = preSolution
		{01F3DF64-F7B8-4072-B42C-71960AD73539} = {C755190C-5170-40E3-B0FA-3E8DFD527CFB}
		{6B502AFA-9579-4089-9566-B0085D5902D0} = {C755190C-5170-40E3-B0FA-3E8DFD527CFB}
	EndGlobalSection
	GlobalSection(ExtensibilityGlobals) = postSolution
		SolutionGuid = {2300A74E-3070-48D5-B8DC-FEDBF0F69F3B}
	EndGlobalSection
EndGlobal
